
Microsoft Visual Studio Solution File, Format Version 12.00
# Visual Studio Version 16
VisualStudioVersion = 16.0.28902.138
MinimumVisualStudioVersion = 10.0.40219.1
Project("{FAE04EC0-301F-11D3-BF4B-00C04F79EFBC}") = "Speare", "Speare\Speare.csproj", "{7A66FD52-6719-4886-9112-C022D00D9DA3}"
EndProject
Project("{FAE04EC0-301F-11D3-BF4B-00C04F79EFBC}") = "Speare.Testing", "Speare.Testing\Speare.Testing.csproj", "{2B960F01-935B-47EB-9B99-C1813B762169}"
EndProject
Global
	GlobalSection(SolutionConfigurationPlatforms) = preSolution
		Debug|Any CPU = Debug|Any CPU
		Release|Any CPU = Release|Any CPU
	EndGlobalSection
	GlobalSection(ProjectConfigurationPlatforms) = postSolution
		{7A66FD52-6719-4886-9112-C022D00D9DA3}.Debug|Any CPU.ActiveCfg = Debug|Any CPU
		{7A66FD52-6719-4886-9112-C022D00D9DA3}.Debug|Any CPU.Build.0 = Debug|Any CPU
		{7A66FD52-6719-4886-9112-C022D00D9DA3}.Release|Any CPU.ActiveCfg = Release|Any CPU
		{7A66FD52-6719-4886-9112-C022D00D9DA3}.Release|Any CPU.Build.0 = Release|Any CPU
		{2B960F01-935B-47EB-9B99-C1813B762169}.Debug|Any CPU.ActiveCfg = Debug|Any CPU
		{2B960F01-935B-47EB-9B99-C1813B762169}.Debug|Any CPU.Build.0 = Debug|Any CPU
		{2B960F01-935B-47EB-9B99-C1813B762169}.Release|Any CPU.ActiveCfg = Release|Any CPU
		{2B960F01-935B-47EB-9B99-C1813B762169}.Release|Any CPU.Build.0 = Release|Any CPU
	EndGlobalSection
	GlobalSection(SolutionProperties) = preSolution
		HideSolutionNode = FALSE
	EndGlobalSection
	GlobalSection(ExtensibilityGlobals) = postSolution
		SolutionGuid = {FC6ABCA7-A0C5-45F0-848E-1C5A7EA79D9A}
	EndGlobalSection
EndGlobal
